
Microsoft Visual Studio Solution File, Format Version 12.00
# Visual Studio Version 16
VisualStudioVersion = 16.0.29709.97
MinimumVisualStudioVersion = 10.0.40219.1
Project("{2150E333-8FDC-42A3-9474-1A3956D46DE8}") = "0 - Presentation", "0 - Presentation", "{649BDA89-059F-421A-80C0-5DAF2F242894}"
EndProject
Project("{2150E333-8FDC-42A3-9474-1A3956D46DE8}") = "1 - Application", "1 - Application", "{71EEFE32-D78B-4FAA-A054-84E06795CE6F}"
EndProject
Project("{2150E333-8FDC-42A3-9474-1A3956D46DE8}") = "2 - Domain", "2 - Domain", "{24220EAB-8D7A-4BA9-B727-80FF69C2C016}"
EndProject
Project("{2150E333-8FDC-42A3-9474-1A3956D46DE8}") = "3 - Infra", "3 - Infra", "{646D5D78-1BE6-47CE-8C31-93287BC01A1D}"
EndProject
Project("{FAE04EC0-301F-11D3-BF4B-00C04F79EFBC}") = "Ratto.Presentation", "Ratto.Presentation\Ratto.Presentation.csproj", "{F59A831E-0759-45D0-8A49-B7CB2092B458}"
EndProject
Project("{FAE04EC0-301F-11D3-BF4B-00C04F79EFBC}") = "Ratto.Domain", "Ratto.Domain\Ratto.Domain.csproj", "{A92F5DB7-D77A-4E57-A2EF-00DDE33238B7}"
EndProject
Project("{FAE04EC0-301F-11D3-BF4B-00C04F79EFBC}") = "Ratto.Application", "Ratto.Application\Ratto.Application.csproj", "{1429BAFA-21CD-4E58-94AC-65BD446849E4}"
EndProject
Project("{FAE04EC0-301F-11D3-BF4B-00C04F79EFBC}") = "Ratto.Infra", "Ratto.Infra\Ratto.Infra.csproj", "{DD79B4C0-392C-4A69-AE33-B72AA1ECF078}"
EndProject
Global
	GlobalSection(SolutionConfigurationPlatforms) = preSolution
		Debug|Any CPU = Debug|Any CPU
		Release|Any CPU = Release|Any CPU
	EndGlobalSection
	GlobalSection(ProjectConfigurationPlatforms) = postSolution
		{F59A831E-0759-45D0-8A49-B7CB2092B458}.Debug|Any CPU.ActiveCfg = Debug|Any CPU
		{F59A831E-0759-45D0-8A49-B7CB2092B458}.Debug|Any CPU.Build.0 = Debug|Any CPU
		{F59A831E-0759-45D0-8A49-B7CB2092B458}.Release|Any CPU.ActiveCfg = Release|Any CPU
		{F59A831E-0759-45D0-8A49-B7CB2092B458}.Release|Any CPU.Build.0 = Release|Any CPU
		{A92F5DB7-D77A-4E57-A2EF-00DDE33238B7}.Debug|Any CPU.ActiveCfg = Debug|Any CPU
		{A92F5DB7-D77A-4E57-A2EF-00DDE33238B7}.Debug|Any CPU.Build.0 = Debug|Any CPU
		{A92F5DB7-D77A-4E57-A2EF-00DDE33238B7}.Release|Any CPU.ActiveCfg = Release|Any CPU
		{A92F5DB7-D77A-4E57-A2EF-00DDE33238B7}.Release|Any CPU.Build.0 = Release|Any CPU
		{1429BAFA-21CD-4E58-94AC-65BD446849E4}.Debug|Any CPU.ActiveCfg = Debug|Any CPU
		{1429BAFA-21CD-4E58-94AC-65BD446849E4}.Debug|Any CPU.Build.0 = Debug|Any CPU
		{1429BAFA-21CD-4E58-94AC-65BD446849E4}.Release|Any CPU.ActiveCfg = Release|Any CPU
		{1429BAFA-21CD-4E58-94AC-65BD446849E4}.Release|Any CPU.Build.0 = Release|Any CPU
		{DD79B4C0-392C-4A69-AE33-B72AA1ECF078}.Debug|Any CPU.ActiveCfg = Debug|Any CPU
		{DD79B4C0-392C-4A69-AE33-B72AA1ECF078}.Debug|Any CPU.Build.0 = Debug|Any CPU
		{DD79B4C0-392C-4A69-AE33-B72AA1ECF078}.Release|Any CPU.ActiveCfg = Release|Any CPU
		{DD79B4C0-392C-4A69-AE33-B72AA1ECF078}.Release|Any CPU.Build.0 = Release|Any CPU
	EndGlobalSection
	GlobalSection(SolutionProperties) = preSolution
		HideSolutionNode = FALSE
	EndGlobalSection
	GlobalSection(NestedProjects) = preSolution
		{F59A831E-0759-45D0-8A49-B7CB2092B458} = {649BDA89-059F-421A-80C0-5DAF2F242894}
		{A92F5DB7-D77A-4E57-A2EF-00DDE33238B7} = {24220EAB-8D7A-4BA9-B727-80FF69C2C016}
		{1429BAFA-21CD-4E58-94AC-65BD446849E4} = {71EEFE32-D78B-4FAA-A054-84E06795CE6F}
		{DD79B4C0-392C-4A69-AE33-B72AA1ECF078} = {646D5D78-1BE6-47CE-8C31-93287BC01A1D}
	EndGlobalSection
	GlobalSection(ExtensibilityGlobals) = postSolution
		SolutionGuid = {1FE95F0F-8265-40B6-9E7A-8773C0AB0CDC}
	EndGlobalSection
EndGlobal
